// !$*UTF8*$!
{
	archiveVersion = 1;
	classes = {
	};
	objectVersion = 50;
	objects = {

/* Begin PBXBuildFile section */
		2E4D87C421CB5AEF00C8C3B2 /* relatedImages.swift in Sources */ = {isa = PBXBuildFile; fileRef = 2E4D87C321CB5AEF00C8C3B2 /* relatedImages.swift */; };
		2E4D87C621CB5B2D00C8C3B2 /* PlacesDetailledViewControllerExtension.swift in Sources */ = {isa = PBXBuildFile; fileRef = 2E4D87C521CB5B2D00C8C3B2 /* PlacesDetailledViewControllerExtension.swift */; };
		2E66847321C954A600FA2E12 /* AppDelegate.swift in Sources */ = {isa = PBXBuildFile; fileRef = 2E66847221C954A600FA2E12 /* AppDelegate.swift */; };
		2E66847821C954A600FA2E12 /* Main.storyboard in Resources */ = {isa = PBXBuildFile; fileRef = 2E66847621C954A600FA2E12 /* Main.storyboard */; };
		2E66847A21C954A700FA2E12 /* Assets.xcassets in Resources */ = {isa = PBXBuildFile; fileRef = 2E66847921C954A700FA2E12 /* Assets.xcassets */; };
		2E66847D21C954A700FA2E12 /* LaunchScreen.storyboard in Resources */ = {isa = PBXBuildFile; fileRef = 2E66847B21C954A700FA2E12 /* LaunchScreen.storyboard */; };
		2E66848721C9593E00FA2E12 /* PlacesDisplayViewController.swift in Sources */ = {isa = PBXBuildFile; fileRef = 2E66848621C9593E00FA2E12 /* PlacesDisplayViewController.swift */; };
		2E66848921C9595100FA2E12 /* PlacesDetailledViewController.swift in Sources */ = {isa = PBXBuildFile; fileRef = 2E66848821C9595100FA2E12 /* PlacesDetailledViewController.swift */; };
		2E6684B221C9ACFD00FA2E12 /* NetworkHelper.swift in Sources */ = {isa = PBXBuildFile; fileRef = 2E6684B121C9ACFD00FA2E12 /* NetworkHelper.swift */; };
		2E6684B521C9AE0800FA2E12 /* SecretKeys.swift in Sources */ = {isa = PBXBuildFile; fileRef = 2E6684B421C9AE0800FA2E12 /* SecretKeys.swift */; };
		2E6684B721C9AE2200FA2E12 /* AppError.swift in Sources */ = {isa = PBXBuildFile; fileRef = 2E6684B621C9AE2200FA2E12 /* AppError.swift */; };
		2E6684B921C9AE5000FA2E12 /* ImageHelper.swift in Sources */ = {isa = PBXBuildFile; fileRef = 2E6684B821C9AE5000FA2E12 /* ImageHelper.swift */; };
		2E6684BD21C9B0E000FA2E12 /* PlacesModel.swift in Sources */ = {isa = PBXBuildFile; fileRef = 2E6684BC21C9B0E000FA2E12 /* PlacesModel.swift */; };
		2E6684BF21C9BD7100FA2E12 /* ApiClient.swift in Sources */ = {isa = PBXBuildFile; fileRef = 2E6684BE21C9BD7100FA2E12 /* ApiClient.swift */; };
		2E83379921D327DA0039C985 /* ContinentViewController.swift in Sources */ = {isa = PBXBuildFile; fileRef = 2E83379821D327DA0039C985 /* ContinentViewController.swift */; };
		2E83379B21D328090039C985 /* ContinentModel.swift in Sources */ = {isa = PBXBuildFile; fileRef = 2E83379A21D328090039C985 /* ContinentModel.swift */; };
		2E83379D21D32CF70039C985 /* TableViewCell.swift in Sources */ = {isa = PBXBuildFile; fileRef = 2E83379C21D32CF70039C985 /* TableViewCell.swift */; };
		2E83379F21D33C130039C985 /* CountryViewController.swift in Sources */ = {isa = PBXBuildFile; fileRef = 2E83379E21D33C130039C985 /* CountryViewController.swift */; };
		2E8337A121D33E690039C985 /* CountryCollectionViewCell.swift in Sources */ = {isa = PBXBuildFile; fileRef = 2E8337A021D33E690039C985 /* CountryCollectionViewCell.swift */; };
		2E8337A321D342D20039C985 /* CountryModel.swift in Sources */ = {isa = PBXBuildFile; fileRef = 2E8337A221D342D20039C985 /* CountryModel.swift */; };
		2EA365882209CD2F00FFDC5E /* TODO in Resources */ = {isa = PBXBuildFile; fileRef = 2EA365872209CD2F00FFDC5E /* TODO */; };
		2EBF619C21CC02FE00BD83C0 /* RelatedPhotosModel.swift in Sources */ = {isa = PBXBuildFile; fileRef = 2EBF619B21CC02FE00BD83C0 /* RelatedPhotosModel.swift */; };
/* End PBXBuildFile section */

/* Begin PBXFileReference section */
		2E4D87C321CB5AEF00C8C3B2 /* relatedImages.swift */ = {isa = PBXFileReference; lastKnownFileType = sourcecode.swift; path = relatedImages.swift; sourceTree = "<group>"; };
		2E4D87C521CB5B2D00C8C3B2 /* PlacesDetailledViewControllerExtension.swift */ = {isa = PBXFileReference; lastKnownFileType = sourcecode.swift; path = PlacesDetailledViewControllerExtension.swift; sourceTree = "<group>"; };
		2E66846F21C954A600FA2E12 /* WrldNow.app */ = {isa = PBXFileReference; explicitFileType = wrapper.application; includeInIndex = 0; path = WrldNow.app; sourceTree = BUILT_PRODUCTS_DIR; };
		2E66847221C954A600FA2E12 /* AppDelegate.swift */ = {isa = PBXFileReference; lastKnownFileType = sourcecode.swift; path = AppDelegate.swift; sourceTree = "<group>"; };
		2E66847721C954A600FA2E12 /* Base */ = {isa = PBXFileReference; lastKnownFileType = file.storyboard; name = Base; path = Base.lproj/Main.storyboard; sourceTree = "<group>"; };
		2E66847921C954A700FA2E12 /* Assets.xcassets */ = {isa = PBXFileReference; lastKnownFileType = folder.assetcatalog; path = Assets.xcassets; sourceTree = "<group>"; };
		2E66847C21C954A700FA2E12 /* Base */ = {isa = PBXFileReference; lastKnownFileType = file.storyboard; name = Base; path = Base.lproj/LaunchScreen.storyboard; sourceTree = "<group>"; };
		2E66847E21C954A700FA2E12 /* Info.plist */ = {isa = PBXFileReference; lastKnownFileType = text.plist.xml; path = Info.plist; sourceTree = "<group>"; };
		2E66848621C9593E00FA2E12 /* PlacesDisplayViewController.swift */ = {isa = PBXFileReference; lastKnownFileType = sourcecode.swift; path = PlacesDisplayViewController.swift; sourceTree = "<group>"; };
		2E66848821C9595100FA2E12 /* PlacesDetailledViewController.swift */ = {isa = PBXFileReference; lastKnownFileType = sourcecode.swift; path = PlacesDetailledViewController.swift; sourceTree = "<group>"; };
		2E6684B121C9ACFD00FA2E12 /* NetworkHelper.swift */ = {isa = PBXFileReference; lastKnownFileType = sourcecode.swift; path = NetworkHelper.swift; sourceTree = "<group>"; };
		2E6684B421C9AE0800FA2E12 /* SecretKeys.swift */ = {isa = PBXFileReference; lastKnownFileType = sourcecode.swift; path = SecretKeys.swift; sourceTree = "<group>"; };
		2E6684B621C9AE2200FA2E12 /* AppError.swift */ = {isa = PBXFileReference; lastKnownFileType = sourcecode.swift; path = AppError.swift; sourceTree = "<group>"; };
		2E6684B821C9AE5000FA2E12 /* ImageHelper.swift */ = {isa = PBXFileReference; lastKnownFileType = sourcecode.swift; path = ImageHelper.swift; sourceTree = "<group>"; };
		2E6684BC21C9B0E000FA2E12 /* PlacesModel.swift */ = {isa = PBXFileReference; lastKnownFileType = sourcecode.swift; path = PlacesModel.swift; sourceTree = "<group>"; };
		2E6684BE21C9BD7100FA2E12 /* ApiClient.swift */ = {isa = PBXFileReference; lastKnownFileType = sourcecode.swift; path = ApiClient.swift; sourceTree = "<group>"; };
		2E83379821D327DA0039C985 /* ContinentViewController.swift */ = {isa = PBXFileReference; lastKnownFileType = sourcecode.swift; path = ContinentViewController.swift; sourceTree = "<group>"; };
		2E83379A21D328090039C985 /* ContinentModel.swift */ = {isa = PBXFileReference; lastKnownFileType = sourcecode.swift; path = ContinentModel.swift; sourceTree = "<group>"; };
		2E83379C21D32CF70039C985 /* TableViewCell.swift */ = {isa = PBXFileReference; lastKnownFileType = sourcecode.swift; path = TableViewCell.swift; sourceTree = "<group>"; };
		2E83379E21D33C130039C985 /* CountryViewController.swift */ = {isa = PBXFileReference; lastKnownFileType = sourcecode.swift; path = CountryViewController.swift; sourceTree = "<group>"; };
		2E8337A021D33E690039C985 /* CountryCollectionViewCell.swift */ = {isa = PBXFileReference; lastKnownFileType = sourcecode.swift; path = CountryCollectionViewCell.swift; sourceTree = "<group>"; };
		2E8337A221D342D20039C985 /* CountryModel.swift */ = {isa = PBXFileReference; lastKnownFileType = sourcecode.swift; path = CountryModel.swift; sourceTree = "<group>"; };
		2EA365872209CD2F00FFDC5E /* TODO */ = {isa = PBXFileReference; lastKnownFileType = text; path = TODO; sourceTree = "<group>"; };
		2EBF619B21CC02FE00BD83C0 /* RelatedPhotosModel.swift */ = {isa = PBXFileReference; lastKnownFileType = sourcecode.swift; path = RelatedPhotosModel.swift; sourceTree = "<group>"; };
/* End PBXFileReference section */

/* Begin PBXFrameworksBuildPhase section */
		2E66846C21C954A600FA2E12 /* Frameworks */ = {
			isa = PBXFrameworksBuildPhase;
			buildActionMask = 2147483647;
			files = (
			);
			runOnlyForDeploymentPostprocessing = 0;
		};
/* End PBXFrameworksBuildPhase section */

/* Begin PBXGroup section */
		2E66846621C954A600FA2E12 = {
			isa = PBXGroup;
			children = (
				2E66847121C954A600FA2E12 /* WrldNow */,
				2E66847021C954A600FA2E12 /* Products */,
			);
			sourceTree = "<group>";
		};
		2E66847021C954A600FA2E12 /* Products */ = {
			isa = PBXGroup;
			children = (
				2E66846F21C954A600FA2E12 /* WrldNow.app */,
			);
			name = Products;
			sourceTree = "<group>";
		};
		2E66847121C954A600FA2E12 /* WrldNow */ = {
			isa = PBXGroup;
			children = (
				2E6684B321C9AD0900FA2E12 /* Model */,
				2E6684AE21C9A97D00FA2E12 /* Controllers */,
				2E6684AF21C9A98900FA2E12 /* Views */,
				2E6684B021C9A9BF00FA2E12 /* SupportingFiles */,
				2E66847E21C954A700FA2E12 /* Info.plist */,
			);
			path = WrldNow;
			sourceTree = "<group>";
		};
		2E6684AE21C9A97D00FA2E12 /* Controllers */ = {
			isa = PBXGroup;
			children = (
				2E83379821D327DA0039C985 /* ContinentViewController.swift */,
				2E83379E21D33C130039C985 /* CountryViewController.swift */,
				2E8337A021D33E690039C985 /* CountryCollectionViewCell.swift */,
				2E66848621C9593E00FA2E12 /* PlacesDisplayViewController.swift */,
				2E66848821C9595100FA2E12 /* PlacesDetailledViewController.swift */,
				2E4D87C521CB5B2D00C8C3B2 /* PlacesDetailledViewControllerExtension.swift */,
				2E4D87C321CB5AEF00C8C3B2 /* relatedImages.swift */,
				2E83379C21D32CF70039C985 /* TableViewCell.swift */,
			);
			path = Controllers;
			sourceTree = "<group>";
		};
		2E6684AF21C9A98900FA2E12 /* Views */ = {
			isa = PBXGroup;
			children = (
				2E66847621C954A600FA2E12 /* Main.storyboard */,
			);
			path = Views;
			sourceTree = "<group>";
		};
		2E6684B021C9A9BF00FA2E12 /* SupportingFiles */ = {
			isa = PBXGroup;
			children = (
				2E66847221C954A600FA2E12 /* AppDelegate.swift */,
				2E66847921C954A700FA2E12 /* Assets.xcassets */,
				2E66847B21C954A700FA2E12 /* LaunchScreen.storyboard */,
			);
			path = SupportingFiles;
			sourceTree = "<group>";
		};
		2E6684B321C9AD0900FA2E12 /* Model */ = {
			isa = PBXGroup;
			children = (
				2EA365872209CD2F00FFDC5E /* TODO */,
				2E8337A421D343FA0039C985 /* Continent and Countries */,
				2E8337A521D3440E0039C985 /* Places and RelatedImages */,
				2E6684B421C9AE0800FA2E12 /* SecretKeys.swift */,
				2E6684B121C9ACFD00FA2E12 /* NetworkHelper.swift */,
				2E6684BE21C9BD7100FA2E12 /* ApiClient.swift */,
				2E6684B821C9AE5000FA2E12 /* ImageHelper.swift */,
				2E6684B621C9AE2200FA2E12 /* AppError.swift */,
			);
			name = Model;
			path = "New Group";
			sourceTree = "<group>";
		};
		2E8337A421D343FA0039C985 /* Continent and Countries */ = {
			isa = PBXGroup;
			children = (
				2E83379A21D328090039C985 /* ContinentModel.swift */,
				2E8337A221D342D20039C985 /* CountryModel.swift */,
			);
			path = "Continent and Countries";
			sourceTree = "<group>";
		};
		2E8337A521D3440E0039C985 /* Places and RelatedImages */ = {
			isa = PBXGroup;
			children = (
				2E6684BC21C9B0E000FA2E12 /* PlacesModel.swift */,
				2EBF619B21CC02FE00BD83C0 /* RelatedPhotosModel.swift */,
			);
			path = "Places and RelatedImages";
			sourceTree = "<group>";
		};
/* End PBXGroup section */

/* Begin PBXNativeTarget section */
		2E66846E21C954A600FA2E12 /* WrldNow */ = {
			isa = PBXNativeTarget;
			buildConfigurationList = 2E66848121C954A700FA2E12 /* Build configuration list for PBXNativeTarget "WrldNow" */;
			buildPhases = (
				2E66846B21C954A600FA2E12 /* Sources */,
				2E66846C21C954A600FA2E12 /* Frameworks */,
				2E66846D21C954A600FA2E12 /* Resources */,
			);
			buildRules = (
			);
			dependencies = (
			);
			name = WrldNow;
			productName = WrldNow;
			productReference = 2E66846F21C954A600FA2E12 /* WrldNow.app */;
			productType = "com.apple.product-type.application";
		};
/* End PBXNativeTarget section */

/* Begin PBXProject section */
		2E66846721C954A600FA2E12 /* Project object */ = {
			isa = PBXProject;
			attributes = {
				LastSwiftUpdateCheck = 1010;
				LastUpgradeCheck = 1010;
				ORGANIZATIONNAME = "Ashli Rankin";
				TargetAttributes = {
					2E66846E21C954A600FA2E12 = {
						CreatedOnToolsVersion = 10.1;
					};
				};
			};
			buildConfigurationList = 2E66846A21C954A600FA2E12 /* Build configuration list for PBXProject "WrldNow" */;
			compatibilityVersion = "Xcode 9.3";
			developmentRegion = en;
			hasScannedForEncodings = 0;
			knownRegions = (
				en,
				Base,
			);
			mainGroup = 2E66846621C954A600FA2E12;
			productRefGroup = 2E66847021C954A600FA2E12 /* Products */;
			projectDirPath = "";
			projectRoot = "";
			targets = (
				2E66846E21C954A600FA2E12 /* WrldNow */,
			);
		};
/* End PBXProject section */

/* Begin PBXResourcesBuildPhase section */
		2E66846D21C954A600FA2E12 /* Resources */ = {
			isa = PBXResourcesBuildPhase;
			buildActionMask = 2147483647;
			files = (
				2E66847D21C954A700FA2E12 /* LaunchScreen.storyboard in Resources */,
				2E66847A21C954A700FA2E12 /* Assets.xcassets in Resources */,
				2EA365882209CD2F00FFDC5E /* TODO in Resources */,
				2E66847821C954A600FA2E12 /* Main.storyboard in Resources */,
			);
			runOnlyForDeploymentPostprocessing = 0;
		};
/* End PBXResourcesBuildPhase section */

/* Begin PBXSourcesBuildPhase section */
		2E66846B21C954A600FA2E12 /* Sources */ = {
			isa = PBXSourcesBuildPhase;
			buildActionMask = 2147483647;
			files = (
				2E83379D21D32CF70039C985 /* TableViewCell.swift in Sources */,
				2E83379B21D328090039C985 /* ContinentModel.swift in Sources */,
				2E8337A321D342D20039C985 /* CountryModel.swift in Sources */,
				2E66848721C9593E00FA2E12 /* PlacesDisplayViewController.swift in Sources */,
				2E66848921C9595100FA2E12 /* PlacesDetailledViewController.swift in Sources */,
				2E8337A121D33E690039C985 /* CountryCollectionViewCell.swift in Sources */,
				2E83379921D327DA0039C985 /* ContinentViewController.swift in Sources */,
				2E6684BD21C9B0E000FA2E12 /* PlacesModel.swift in Sources */,
				2E4D87C621CB5B2D00C8C3B2 /* PlacesDetailledViewControllerExtension.swift in Sources */,
				2E6684B221C9ACFD00FA2E12 /* NetworkHelper.swift in Sources */,
				2E66847321C954A600FA2E12 /* AppDelegate.swift in Sources */,
				2E83379F21D33C130039C985 /* CountryViewController.swift in Sources */,
				2E6684B521C9AE0800FA2E12 /* SecretKeys.swift in Sources */,
				2E6684B721C9AE2200FA2E12 /* AppError.swift in Sources */,
				2E6684B921C9AE5000FA2E12 /* ImageHelper.swift in Sources */,
				2EBF619C21CC02FE00BD83C0 /* RelatedPhotosModel.swift in Sources */,
				2E4D87C421CB5AEF00C8C3B2 /* relatedImages.swift in Sources */,
				2E6684BF21C9BD7100FA2E12 /* ApiClient.swift in Sources */,
			);
			runOnlyForDeploymentPostprocessing = 0;
		};
/* End PBXSourcesBuildPhase section */

/* Begin PBXVariantGroup section */
		2E66847621C954A600FA2E12 /* Main.storyboard */ = {
			isa = PBXVariantGroup;
			children = (
				2E66847721C954A600FA2E12 /* Base */,
			);
			name = Main.storyboard;
			sourceTree = "<group>";
		};
		2E66847B21C954A700FA2E12 /* LaunchScreen.storyboard */ = {
			isa = PBXVariantGroup;
			children = (
				2E66847C21C954A700FA2E12 /* Base */,
			);
			name = LaunchScreen.storyboard;
			sourceTree = "<group>";
		};
/* End PBXVariantGroup section */

/* Begin XCBuildConfiguration section */
		2E66847F21C954A700FA2E12 /* Debug */ = {
			isa = XCBuildConfiguration;
			buildSettings = {
				ALWAYS_SEARCH_USER_PATHS = NO;
				CLANG_ANALYZER_NONNULL = YES;
				CLANG_ANALYZER_NUMBER_OBJECT_CONVERSION = YES_AGGRESSIVE;
				CLANG_CXX_LANGUAGE_STANDARD = "gnu++14";
				CLANG_CXX_LIBRARY = "libc++";
				CLANG_ENABLE_MODULES = YES;
				CLANG_ENABLE_OBJC_ARC = YES;
				CLANG_ENABLE_OBJC_WEAK = YES;
				CLANG_WARN_BLOCK_CAPTURE_AUTORELEASING = YES;
				CLANG_WARN_BOOL_CONVERSION = YES;
				CLANG_WARN_COMMA = YES;
				CLANG_WARN_CONSTANT_CONVERSION = YES;
				CLANG_WARN_DEPRECATED_OBJC_IMPLEMENTATIONS = YES;
				CLANG_WARN_DIRECT_OBJC_ISA_USAGE = YES_ERROR;
				CLANG_WARN_DOCUMENTATION_COMMENTS = YES;
				CLANG_WARN_EMPTY_BODY = YES;
				CLANG_WARN_ENUM_CONVERSION = YES;
				CLANG_WARN_INFINITE_RECURSION = YES;
				CLANG_WARN_INT_CONVERSION = YES;
				CLANG_WARN_NON_LITERAL_NULL_CONVERSION = YES;
				CLANG_WARN_OBJC_IMPLICIT_RETAIN_SELF = YES;
				CLANG_WARN_OBJC_LITERAL_CONVERSION = YES;
				CLANG_WARN_OBJC_ROOT_CLASS = YES_ERROR;
				CLANG_WARN_RANGE_LOOP_ANALYSIS = YES;
				CLANG_WARN_STRICT_PROTOTYPES = YES;
				CLANG_WARN_SUSPICIOUS_MOVE = YES;
				CLANG_WARN_UNGUARDED_AVAILABILITY = YES_AGGRESSIVE;
				CLANG_WARN_UNREACHABLE_CODE = YES;
				CLANG_WARN__DUPLICATE_METHOD_MATCH = YES;
				CODE_SIGN_IDENTITY = "iPhone Developer";
				COPY_PHASE_STRIP = NO;
				DEBUG_INFORMATION_FORMAT = dwarf;
				ENABLE_STRICT_OBJC_MSGSEND = YES;
				ENABLE_TESTABILITY = YES;
				GCC_C_LANGUAGE_STANDARD = gnu11;
				GCC_DYNAMIC_NO_PIC = NO;
				GCC_NO_COMMON_BLOCKS = YES;
				GCC_OPTIMIZATION_LEVEL = 0;
				GCC_PREPROCESSOR_DEFINITIONS = (
					"DEBUG=1",
					"$(inherited)",
				);
				GCC_WARN_64_TO_32_BIT_CONVERSION = YES;
				GCC_WARN_ABOUT_RETURN_TYPE = YES_ERROR;
				GCC_WARN_UNDECLARED_SELECTOR = YES;
				GCC_WARN_UNINITIALIZED_AUTOS = YES_AGGRESSIVE;
				GCC_WARN_UNUSED_FUNCTION = YES;
				GCC_WARN_UNUSED_VARIABLE = YES;
				IPHONEOS_DEPLOYMENT_TARGET = 12.1;
				MTL_ENABLE_DEBUG_INFO = INCLUDE_SOURCE;
				MTL_FAST_MATH = YES;
				ONLY_ACTIVE_ARCH = YES;
				SDKROOT = iphoneos;
				SWIFT_ACTIVE_COMPILATION_CONDITIONS = DEBUG;
				SWIFT_OPTIMIZATION_LEVEL = "-Onone";
			};
			name = Debug;
		};
		2E66848021C954A700FA2E12 /* Release */ = {
			isa = XCBuildConfiguration;
			buildSettings = {
				ALWAYS_SEARCH_USER_PATHS = NO;
				CLANG_ANALYZER_NONNULL = YES;
				CLANG_ANALYZER_NUMBER_OBJECT_CONVERSION = YES_AGGRESSIVE;
				CLANG_CXX_LANGUAGE_STANDARD = "gnu++14";
				CLANG_CXX_LIBRARY = "libc++";
				CLANG_ENABLE_MODULES = YES;
				CLANG_ENABLE_OBJC_ARC = YES;
				CLANG_ENABLE_OBJC_WEAK = YES;
				CLANG_WARN_BLOCK_CAPTURE_AUTORELEASING = YES;
				CLANG_WARN_BOOL_CONVERSION = YES;
				CLANG_WARN_COMMA = YES;
				CLANG_WARN_CONSTANT_CONVERSION = YES;
				CLANG_WARN_DEPRECATED_OBJC_IMPLEMENTATIONS = YES;
				CLANG_WARN_DIRECT_OBJC_ISA_USAGE = YES_ERROR;
				CLANG_WARN_DOCUMENTATION_COMMENTS = YES;
				CLANG_WARN_EMPTY_BODY = YES;
				CLANG_WARN_ENUM_CONVERSION = YES;
				CLANG_WARN_INFINITE_RECURSION = YES;
				CLANG_WARN_INT_CONVERSION = YES;
				CLANG_WARN_NON_LITERAL_NULL_CONVERSION = YES;
				CLANG_WARN_OBJC_IMPLICIT_RETAIN_SELF = YES;
				CLANG_WARN_OBJC_LITERAL_CONVERSION = YES;
				CLANG_WARN_OBJC_ROOT_CLASS = YES_ERROR;
				CLANG_WARN_RANGE_LOOP_ANALYSIS = YES;
				CLANG_WARN_STRICT_PROTOTYPES = YES;
				CLANG_WARN_SUSPICIOUS_MOVE = YES;
				CLANG_WARN_UNGUARDED_AVAILABILITY = YES_AGGRESSIVE;
				CLANG_WARN_UNREACHABLE_CODE = YES;
				CLANG_WARN__DUPLICATE_METHOD_MATCH = YES;
				CODE_SIGN_IDENTITY = "iPhone Developer";
				COPY_PHASE_STRIP = NO;
				DEBUG_INFORMATION_FORMAT = "dwarf-with-dsym";
				ENABLE_NS_ASSERTIONS = NO;
				ENABLE_STRICT_OBJC_MSGSEND = YES;
				GCC_C_LANGUAGE_STANDARD = gnu11;
				GCC_NO_COMMON_BLOCKS = YES;
				GCC_WARN_64_TO_32_BIT_CONVERSION = YES;
				GCC_WARN_ABOUT_RETURN_TYPE = YES_ERROR;
				GCC_WARN_UNDECLARED_SELECTOR = YES;
				GCC_WARN_UNINITIALIZED_AUTOS = YES_AGGRESSIVE;
				GCC_WARN_UNUSED_FUNCTION = YES;
				GCC_WARN_UNUSED_VARIABLE = YES;
				IPHONEOS_DEPLOYMENT_TARGET = 12.1;
				MTL_ENABLE_DEBUG_INFO = NO;
				MTL_FAST_MATH = YES;
				SDKROOT = iphoneos;
				SWIFT_COMPILATION_MODE = wholemodule;
				SWIFT_OPTIMIZATION_LEVEL = "-O";
				VALIDATE_PRODUCT = YES;
			};
			name = Release;
		};
		2E66848221C954A700FA2E12 /* Debug */ = {
			isa = XCBuildConfiguration;
			buildSettings = {
				ASSETCATALOG_COMPILER_APPICON_NAME = AppIcon;
				CODE_SIGN_STYLE = Automatic;
				INFOPLIST_FILE = WrldNow/Info.plist;
				LD_RUNPATH_SEARCH_PATHS = (
					"$(inherited)",
					"@executable_path/Frameworks",
				);
				PRODUCT_BUNDLE_IDENTIFIER = com.wmn4future.WrldNow;
				PRODUCT_NAME = "$(TARGET_NAME)";
				SWIFT_VERSION = 4.2;
				TARGETED_DEVICE_FAMILY = "1,2";
			};
			name = Debug;
		};
		2E66848321C954A700FA2E12 /* Release */ = {
			isa = XCBuildConfiguration;
			buildSettings = {
				ASSETCATALOG_COMPILER_APPICON_NAME = AppIcon;
				CODE_SIGN_STYLE = Automatic;
				INFOPLIST_FILE = WrldNow/Info.plist;
				LD_RUNPATH_SEARCH_PATHS = (
					"$(inherited)",
					"@executable_path/Frameworks",
				);
				PRODUCT_BUNDLE_IDENTIFIER = com.wmn4future.WrldNow;
				PRODUCT_NAME = "$(TARGET_NAME)";
				SWIFT_VERSION = 4.2;
				TARGETED_DEVICE_FAMILY = "1,2";
			};
			name = Release;
		};
/* End XCBuildConfiguration section */

/* Begin XCConfigurationList section */
		2E66846A21C954A600FA2E12 /* Build configuration list for PBXProject "WrldNow" */ = {
			isa = XCConfigurationList;
			buildConfigurations = (
				2E66847F21C954A700FA2E12 /* Debug */,
				2E66848021C954A700FA2E12 /* Release */,
			);
			defaultConfigurationIsVisible = 0;
			defaultConfigurationName = Release;
		};
		2E66848121C954A700FA2E12 /* Build configuration list for PBXNativeTarget "WrldNow" */ = {
			isa = XCConfigurationList;
			buildConfigurations = (
				2E66848221C954A700FA2E12 /* Debug */,
				2E66848321C954A700FA2E12 /* Release */,
			);
			defaultConfigurationIsVisible = 0;
			defaultConfigurationName = Release;
		};
/* End XCConfigurationList section */
	};
	rootObject = 2E66846721C954A600FA2E12 /* Project object */;
}
